
Microsoft Visual Studio Solution File, Format Version 12.00
# Visual Studio Version 17
VisualStudioVersion = 17.6.33723.286
MinimumVisualStudioVersion = 10.0.40219.1
Project("{FAE04EC0-301F-11D3-BF4B-00C04F79EFBC}") = "my.Foundation.Layout", "code\my.Foundation.Layout.csproj", "{AC41037C-9B8A-40D1-BC6F-106107F2043F}"
EndProject
Global
	GlobalSection(SolutionConfigurationPlatforms) = preSolution
		Debug|Any CPU = Debug|Any CPU
		Release|Any CPU = Release|Any CPU
	EndGlobalSection
	GlobalSection(ProjectConfigurationPlatforms) = postSolution
		{AC41037C-9B8A-40D1-BC6F-106107F2043F}.Debug|Any CPU.ActiveCfg = Debug|Any CPU
		{AC41037C-9B8A-40D1-BC6F-106107F2043F}.Debug|Any CPU.Build.0 = Debug|Any CPU
		{AC41037C-9B8A-40D1-BC6F-106107F2043F}.Release|Any CPU.ActiveCfg = Release|Any CPU
		{AC41037C-9B8A-40D1-BC6F-106107F2043F}.Release|Any CPU.Build.0 = Release|Any CPU
	EndGlobalSection
	GlobalSection(SolutionProperties) = preSolution
		HideSolutionNode = FALSE
	EndGlobalSection
	GlobalSection(ExtensibilityGlobals) = postSolution
		SolutionGuid = {F61FD102-FBA6-4823-B3A2-C4FC2D9A09B2}
	EndGlobalSection
EndGlobal
